
Microsoft Visual Studio Solution File, Format Version 12.00
# Visual Studio Version 16
VisualStudioVersion = 16.0.29306.81
MinimumVisualStudioVersion = 10.0.40219.1
Project("{FAE04EC0-301F-11D3-BF4B-00C04F79EFBC}") = "Task_02", "Task_02.csproj", "{060AC346-1D9E-468B-9ABF-72F0D3FA4FF4}"
EndProject
Global
	GlobalSection(SolutionConfigurationPlatforms) = preSolution
		Debug|Any CPU = Debug|Any CPU
		Release|Any CPU = Release|Any CPU
	EndGlobalSection
	GlobalSection(ProjectConfigurationPlatforms) = postSolution
		{060AC346-1D9E-468B-9ABF-72F0D3FA4FF4}.Debug|Any CPU.ActiveCfg = Debug|Any CPU
		{060AC346-1D9E-468B-9ABF-72F0D3FA4FF4}.Debug|Any CPU.Build.0 = Debug|Any CPU
		{060AC346-1D9E-468B-9ABF-72F0D3FA4FF4}.Release|Any CPU.ActiveCfg = Release|Any CPU
		{060AC346-1D9E-468B-9ABF-72F0D3FA4FF4}.Release|Any CPU.Build.0 = Release|Any CPU
	EndGlobalSection
	GlobalSection(SolutionProperties) = preSolution
		HideSolutionNode = FALSE
	EndGlobalSection
	GlobalSection(ExtensibilityGlobals) = postSolution
		SolutionGuid = {CFBB0674-4272-4F1F-884E-FC2C388A7C00}
	EndGlobalSection
EndGlobal
